// !$*UTF8*$!
{
	archiveVersion = 1;
	classes = {
	};
	objectVersion = 46;
	objects = {

/* Begin PBXBuildFile section */
		FFD0897E1B3E45F500584D99 /* AppDelegate.swift in Sources */ = {isa = PBXBuildFile; fileRef = FFD0897D1B3E45F500584D99 /* AppDelegate.swift */; };
		FFD089801B3E45F500584D99 /* ViewController.swift in Sources */ = {isa = PBXBuildFile; fileRef = FFD0897F1B3E45F500584D99 /* ViewController.swift */; };
		FFD089831B3E45F500584D99 /* Main.storyboard in Resources */ = {isa = PBXBuildFile; fileRef = FFD089811B3E45F500584D99 /* Main.storyboard */; };
		FFD089851B3E45F500584D99 /* Images.xcassets in Resources */ = {isa = PBXBuildFile; fileRef = FFD089841B3E45F500584D99 /* Images.xcassets */; };
		FFD089881B3E45F500584D99 /* LaunchScreen.xib in Resources */ = {isa = PBXBuildFile; fileRef = FFD089861B3E45F500584D99 /* LaunchScreen.xib */; };
		FFD089941B3E45F600584D99 /* Grade_CheckerTests.swift in Sources */ = {isa = PBXBuildFile; fileRef = FFD089931B3E45F600584D99 /* Grade_CheckerTests.swift */; };
/* End PBXBuildFile section */

/* Begin PBXContainerItemProxy section */
		FFD0898E1B3E45F600584D99 /* PBXContainerItemProxy */ = {
			isa = PBXContainerItemProxy;
			containerPortal = FFD089701B3E45F500584D99 /* Project object */;
			proxyType = 1;
			remoteGlobalIDString = FFD089771B3E45F500584D99;
			remoteInfo = "Grade-Checker";
		};
/* End PBXContainerItemProxy section */

/* Begin PBXFileReference section */
		FFD089781B3E45F500584D99 /* Grade-Checker.app */ = {isa = PBXFileReference; explicitFileType = wrapper.application; includeInIndex = 0; path = "Grade-Checker.app"; sourceTree = BUILT_PRODUCTS_DIR; };
		FFD0897C1B3E45F500584D99 /* Info.plist */ = {isa = PBXFileReference; lastKnownFileType = text.plist.xml; path = Info.plist; sourceTree = "<group>"; };
		FFD0897D1B3E45F500584D99 /* AppDelegate.swift */ = {isa = PBXFileReference; lastKnownFileType = sourcecode.swift; path = AppDelegate.swift; sourceTree = "<group>"; };
		FFD0897F1B3E45F500584D99 /* ViewController.swift */ = {isa = PBXFileReference; lastKnownFileType = sourcecode.swift; path = ViewController.swift; sourceTree = "<group>"; };
		FFD089821B3E45F500584D99 /* Base */ = {isa = PBXFileReference; lastKnownFileType = file.storyboard; name = Base; path = Base.lproj/Main.storyboard; sourceTree = "<group>"; };
		FFD089841B3E45F500584D99 /* Images.xcassets */ = {isa = PBXFileReference; lastKnownFileType = folder.assetcatalog; path = Images.xcassets; sourceTree = "<group>"; };
		FFD089871B3E45F500584D99 /* Base */ = {isa = PBXFileReference; lastKnownFileType = file.xib; name = Base; path = Base.lproj/LaunchScreen.xib; sourceTree = "<group>"; };
		FFD0898D1B3E45F600584D99 /* Grade-CheckerTests.xctest */ = {isa = PBXFileReference; explicitFileType = wrapper.cfbundle; includeInIndex = 0; path = "Grade-CheckerTests.xctest"; sourceTree = BUILT_PRODUCTS_DIR; };
		FFD089921B3E45F600584D99 /* Info.plist */ = {isa = PBXFileReference; lastKnownFileType = text.plist.xml; path = Info.plist; sourceTree = "<group>"; };
		FFD089931B3E45F600584D99 /* Grade_CheckerTests.swift */ = {isa = PBXFileReference; lastKnownFileType = sourcecode.swift; path = Grade_CheckerTests.swift; sourceTree = "<group>"; };
/* End PBXFileReference section */

/* Begin PBXFrameworksBuildPhase section */
		FFD089751B3E45F500584D99 /* Frameworks */ = {
			isa = PBXFrameworksBuildPhase;
			buildActionMask = 2147483647;
			files = (
			);
			runOnlyForDeploymentPostprocessing = 0;
		};
		FFD0898A1B3E45F600584D99 /* Frameworks */ = {
			isa = PBXFrameworksBuildPhase;
			buildActionMask = 2147483647;
			files = (
			);
			runOnlyForDeploymentPostprocessing = 0;
		};
/* End PBXFrameworksBuildPhase section */

/* Begin PBXGroup section */
		FFD0896F1B3E45F500584D99 = {
			isa = PBXGroup;
			children = (
				FFD0897A1B3E45F500584D99 /* Grade-Checker */,
				FFD089901B3E45F600584D99 /* Grade-CheckerTests */,
				FFD089791B3E45F500584D99 /* Products */,
			);
			sourceTree = "<group>";
		};
		FFD089791B3E45F500584D99 /* Products */ = {
			isa = PBXGroup;
			children = (
				FFD089781B3E45F500584D99 /* Grade-Checker.app */,
				FFD0898D1B3E45F600584D99 /* Grade-CheckerTests.xctest */,
			);
			name = Products;
			sourceTree = "<group>";
		};
		FFD0897A1B3E45F500584D99 /* Grade-Checker */ = {
			isa = PBXGroup;
			children = (
				FFD0897D1B3E45F500584D99 /* AppDelegate.swift */,
				FFD0897F1B3E45F500584D99 /* ViewController.swift */,
				FFD089811B3E45F500584D99 /* Main.storyboard */,
				FFD089841B3E45F500584D99 /* Images.xcassets */,
				FFD089861B3E45F500584D99 /* LaunchScreen.xib */,
				FFD0897B1B3E45F500584D99 /* Supporting Files */,
			);
			path = "Grade-Checker";
			sourceTree = "<group>";
		};
		FFD0897B1B3E45F500584D99 /* Supporting Files */ = {
			isa = PBXGroup;
			children = (
				FFD0897C1B3E45F500584D99 /* Info.plist */,
			);
			name = "Supporting Files";
			sourceTree = "<group>";
		};
		FFD089901B3E45F600584D99 /* Grade-CheckerTests */ = {
			isa = PBXGroup;
			children = (
				FFD089931B3E45F600584D99 /* Grade_CheckerTests.swift */,
				FFD089911B3E45F600584D99 /* Supporting Files */,
			);
			path = "Grade-CheckerTests";
			sourceTree = "<group>";
		};
		FFD089911B3E45F600584D99 /* Supporting Files */ = {
			isa = PBXGroup;
			children = (
				FFD089921B3E45F600584D99 /* Info.plist */,
			);
			name = "Supporting Files";
			sourceTree = "<group>";
		};
/* End PBXGroup section */

/* Begin PBXNativeTarget section */
		FFD089771B3E45F500584D99 /* Grade-Checker */ = {
			isa = PBXNativeTarget;
			buildConfigurationList = FFD089971B3E45F600584D99 /* Build configuration list for PBXNativeTarget "Grade-Checker" */;
			buildPhases = (
				FFD089741B3E45F500584D99 /* Sources */,
				FFD089751B3E45F500584D99 /* Frameworks */,
				FFD089761B3E45F500584D99 /* Resources */,
			);
			buildRules = (
			);
			dependencies = (
			);
			name = "Grade-Checker";
			productName = "Grade-Checker";
			productReference = FFD089781B3E45F500584D99 /* Grade-Checker.app */;
			productType = "com.apple.product-type.application";
		};
		FFD0898C1B3E45F600584D99 /* Grade-CheckerTests */ = {
			isa = PBXNativeTarget;
			buildConfigurationList = FFD0899A1B3E45F600584D99 /* Build configuration list for PBXNativeTarget "Grade-CheckerTests" */;
			buildPhases = (
				FFD089891B3E45F600584D99 /* Sources */,
				FFD0898A1B3E45F600584D99 /* Frameworks */,
				FFD0898B1B3E45F600584D99 /* Resources */,
			);
			buildRules = (
			);
			dependencies = (
				FFD0898F1B3E45F600584D99 /* PBXTargetDependency */,
			);
			name = "Grade-CheckerTests";
			productName = "Grade-CheckerTests";
			productReference = FFD0898D1B3E45F600584D99 /* Grade-CheckerTests.xctest */;
			productType = "com.apple.product-type.bundle.unit-test";
		};
/* End PBXNativeTarget section */

/* Begin PBXProject section */
		FFD089701B3E45F500584D99 /* Project object */ = {
			isa = PBXProject;
			attributes = {
				LastUpgradeCheck = 0630;
				ORGANIZATIONNAME = "Chaitanya Dandu";
				TargetAttributes = {
					FFD089771B3E45F500584D99 = {
						CreatedOnToolsVersion = 6.3.2;
					};
					FFD0898C1B3E45F600584D99 = {
						CreatedOnToolsVersion = 6.3.2;
						TestTargetID = FFD089771B3E45F500584D99;
					};
				};
			};
			buildConfigurationList = FFD089731B3E45F500584D99 /* Build configuration list for PBXProject "Grade-Checker" */;
			compatibilityVersion = "Xcode 3.2";
			developmentRegion = English;
			hasScannedForEncodings = 0;
			knownRegions = (
				en,
				Base,
			);
			mainGroup = FFD0896F1B3E45F500584D99;
			productRefGroup = FFD089791B3E45F500584D99 /* Products */;
			projectDirPath = "";
			projectRoot = "";
			targets = (
				FFD089771B3E45F500584D99 /* Grade-Checker */,
				FFD0898C1B3E45F600584D99 /* Grade-CheckerTests */,
			);
		};
/* End PBXProject section */

/* Begin PBXResourcesBuildPhase section */
		FFD089761B3E45F500584D99 /* Resources */ = {
			isa = PBXResourcesBuildPhase;
			buildActionMask = 2147483647;
			files = (
				FFD089831B3E45F500584D99 /* Main.storyboard in Resources */,
				FFD089881B3E45F500584D99 /* LaunchScreen.xib in Resources */,
				FFD089851B3E45F500584D99 /* Images.xcassets in Resources */,
			);
			runOnlyForDeploymentPostprocessing = 0;
		};
		FFD0898B1B3E45F600584D99 /* Resources */ = {
			isa = PBXResourcesBuildPhase;
			buildActionMask = 2147483647;
			files = (
			);
			runOnlyForDeploymentPostprocessing = 0;
		};
/* End PBXResourcesBuildPhase section */

/* Begin PBXSourcesBuildPhase section */
		FFD089741B3E45F500584D99 /* Sources */ = {
			isa = PBXSourcesBuildPhase;
			buildActionMask = 2147483647;
			files = (
				FFD089801B3E45F500584D99 /* ViewController.swift in Sources */,
				FFD0897E1B3E45F500584D99 /* AppDelegate.swift in Sources */,
			);
			runOnlyForDeploymentPostprocessing = 0;
		};
		FFD089891B3E45F600584D99 /* Sources */ = {
			isa = PBXSourcesBuildPhase;
			buildActionMask = 2147483647;
			files = (
				FFD089941B3E45F600584D99 /* Grade_CheckerTests.swift in Sources */,
			);
			runOnlyForDeploymentPostprocessing = 0;
		};
/* End PBXSourcesBuildPhase section */

/* Begin PBXTargetDependency section */
		FFD0898F1B3E45F600584D99 /* PBXTargetDependency */ = {
			isa = PBXTargetDependency;
			target = FFD089771B3E45F500584D99 /* Grade-Checker */;
			targetProxy = FFD0898E1B3E45F600584D99 /* PBXContainerItemProxy */;
		};
/* End PBXTargetDependency section */

/* Begin PBXVariantGroup section */
		FFD089811B3E45F500584D99 /* Main.storyboard */ = {
			isa = PBXVariantGroup;
			children = (
				FFD089821B3E45F500584D99 /* Base */,
			);
			name = Main.storyboard;
			sourceTree = "<group>";
		};
		FFD089861B3E45F500584D99 /* LaunchScreen.xib */ = {
			isa = PBXVariantGroup;
			children = (
				FFD089871B3E45F500584D99 /* Base */,
			);
			name = LaunchScreen.xib;
			sourceTree = "<group>";
		};
/* End PBXVariantGroup section */

/* Begin XCBuildConfiguration section */
		FFD089951B3E45F600584D99 /* Debug */ = {
			isa = XCBuildConfiguration;
			buildSettings = {
				ALWAYS_SEARCH_USER_PATHS = NO;
				CLANG_CXX_LANGUAGE_STANDARD = "gnu++0x";
				CLANG_CXX_LIBRARY = "libc++";
				CLANG_ENABLE_MODULES = YES;
				CLANG_ENABLE_OBJC_ARC = YES;
				CLANG_WARN_BOOL_CONVERSION = YES;
				CLANG_WARN_CONSTANT_CONVERSION = YES;
				CLANG_WARN_DIRECT_OBJC_ISA_USAGE = YES_ERROR;
				CLANG_WARN_EMPTY_BODY = YES;
				CLANG_WARN_ENUM_CONVERSION = YES;
				CLANG_WARN_INT_CONVERSION = YES;
				CLANG_WARN_OBJC_ROOT_CLASS = YES_ERROR;
				CLANG_WARN_UNREACHABLE_CODE = YES;
				CLANG_WARN__DUPLICATE_METHOD_MATCH = YES;
				"CODE_SIGN_IDENTITY[sdk=iphoneos*]" = "iPhone Developer";
				COPY_PHASE_STRIP = NO;
				DEBUG_INFORMATION_FORMAT = "dwarf-with-dsym";
				ENABLE_STRICT_OBJC_MSGSEND = YES;
				GCC_C_LANGUAGE_STANDARD = gnu99;
				GCC_DYNAMIC_NO_PIC = NO;
				GCC_NO_COMMON_BLOCKS = YES;
				GCC_OPTIMIZATION_LEVEL = 0;
				GCC_PREPROCESSOR_DEFINITIONS = (
					"DEBUG=1",
					"$(inherited)",
				);
				GCC_SYMBOLS_PRIVATE_EXTERN = NO;
				GCC_WARN_64_TO_32_BIT_CONVERSION = YES;
				GCC_WARN_ABOUT_RETURN_TYPE = YES_ERROR;
				GCC_WARN_UNDECLARED_SELECTOR = YES;
				GCC_WARN_UNINITIALIZED_AUTOS = YES_AGGRESSIVE;
				GCC_WARN_UNUSED_FUNCTION = YES;
				GCC_WARN_UNUSED_VARIABLE = YES;
				IPHONEOS_DEPLOYMENT_TARGET = 8.3;
				MTL_ENABLE_DEBUG_INFO = YES;
				ONLY_ACTIVE_ARCH = YES;
				SDKROOT = iphoneos;
				SWIFT_OPTIMIZATION_LEVEL = "-Onone";
			};
			name = Debug;
		};
		FFD089961B3E45F600584D99 /* Release */ = {
			isa = XCBuildConfiguration;
			buildSettings = {
				ALWAYS_SEARCH_USER_PATHS = NO;
				CLANG_CXX_LANGUAGE_STANDARD = "gnu++0x";
				CLANG_CXX_LIBRARY = "libc++";
				CLANG_ENABLE_MODULES = YES;
				CLANG_ENABLE_OBJC_ARC = YES;
				CLANG_WARN_BOOL_CONVERSION = YES;
				CLANG_WARN_CONSTANT_CONVERSION = YES;
				CLANG_WARN_DIRECT_OBJC_ISA_USAGE = YES_ERROR;
				CLANG_WARN_EMPTY_BODY = YES;
				CLANG_WARN_ENUM_CONVERSION = YES;
				CLANG_WARN_INT_CONVERSION = YES;
				CLANG_WARN_OBJC_ROOT_CLASS = YES_ERROR;
				CLANG_WARN_UNREACHABLE_CODE = YES;
				CLANG_WARN__DUPLICATE_METHOD_MATCH = YES;
				"CODE_SIGN_IDENTITY[sdk=iphoneos*]" = "iPhone Developer";
				COPY_PHASE_STRIP = NO;
				DEBUG_INFORMATION_FORMAT = "dwarf-with-dsym";
				ENABLE_NS_ASSERTIONS = NO;
				ENABLE_STRICT_OBJC_MSGSEND = YES;
				GCC_C_LANGUAGE_STANDARD = gnu99;
				GCC_NO_COMMON_BLOCKS = YES;
				GCC_WARN_64_TO_32_BIT_CONVERSION = YES;
				GCC_WARN_ABOUT_RETURN_TYPE = YES_ERROR;
				GCC_WARN_UNDECLARED_SELECTOR = YES;
				GCC_WARN_UNINITIALIZED_AUTOS = YES_AGGRESSIVE;
				GCC_WARN_UNUSED_FUNCTION = YES;
				GCC_WARN_UNUSED_VARIABLE = YES;
				IPHONEOS_DEPLOYMENT_TARGET = 8.3;
				MTL_ENABLE_DEBUG_INFO = NO;
				SDKROOT = iphoneos;
				VALIDATE_PRODUCT = YES;
			};
			name = Release;
		};
		FFD089981B3E45F600584D99 /* Debug */ = {
			isa = XCBuildConfiguration;
			buildSettings = {
				ASSETCATALOG_COMPILER_APPICON_NAME = AppIcon;
				INFOPLIST_FILE = "Grade-Checker/Info.plist";
				LD_RUNPATH_SEARCH_PATHS = "$(inherited) @executable_path/Frameworks";
				PRODUCT_NAME = "$(TARGET_NAME)";
			};
			name = Debug;
		};
		FFD089991B3E45F600584D99 /* Release */ = {
			isa = XCBuildConfiguration;
			buildSettings = {
				ASSETCATALOG_COMPILER_APPICON_NAME = AppIcon;
				INFOPLIST_FILE = "Grade-Checker/Info.plist";
				LD_RUNPATH_SEARCH_PATHS = "$(inherited) @executable_path/Frameworks";
				PRODUCT_NAME = "$(TARGET_NAME)";
			};
			name = Release;
		};
		FFD0899B1B3E45F600584D99 /* Debug */ = {
			isa = XCBuildConfiguration;
			buildSettings = {
				BUNDLE_LOADER = "$(TEST_HOST)";
				FRAMEWORK_SEARCH_PATHS = (
					"$(SDKROOT)/Developer/Library/Frameworks",
					"$(inherited)",
				);
				GCC_PREPROCESSOR_DEFINITIONS = (
					"DEBUG=1",
					"$(inherited)",
				);
				INFOPLIST_FILE = "Grade-CheckerTests/Info.plist";
				LD_RUNPATH_SEARCH_PATHS = "$(inherited) @executable_path/Frameworks @loader_path/Frameworks";
				PRODUCT_NAME = "$(TARGET_NAME)";
				TEST_HOST = "$(BUILT_PRODUCTS_DIR)/Grade-Checker.app/Grade-Checker";
			};
			name = Debug;
		};
		FFD0899C1B3E45F600584D99 /* Release */ = {
			isa = XCBuildConfiguration;
			buildSettings = {
				BUNDLE_LOADER = "$(TEST_HOST)";
				FRAMEWORK_SEARCH_PATHS = (
					"$(SDKROOT)/Developer/Library/Frameworks",
					"$(inherited)",
				);
				INFOPLIST_FILE = "Grade-CheckerTests/Info.plist";
				LD_RUNPATH_SEARCH_PATHS = "$(inherited) @executable_path/Frameworks @loader_path/Frameworks";
				PRODUCT_NAME = "$(TARGET_NAME)";
				TEST_HOST = "$(BUILT_PRODUCTS_DIR)/Grade-Checker.app/Grade-Checker";
			};
			name = Release;
		};
/* End XCBuildConfiguration section */

/* Begin XCConfigurationList section */
		FFD089731B3E45F500584D99 /* Build configuration list for PBXProject "Grade-Checker" */ = {
			isa = XCConfigurationList;
			buildConfigurations = (
				FFD089951B3E45F600584D99 /* Debug */,
				FFD089961B3E45F600584D99 /* Release */,
			);
			defaultConfigurationIsVisible = 0;
			defaultConfigurationName = Release;
		};
		FFD089971B3E45F600584D99 /* Build configuration list for PBXNativeTarget "Grade-Checker" */ = {
			isa = XCConfigurationList;
			buildConfigurations = (
				FFD089981B3E45F600584D99 /* Debug */,
				FFD089991B3E45F600584D99 /* Release */,
			);
			defaultConfigurationIsVisible = 0;
		};
		FFD0899A1B3E45F600584D99 /* Build configuration list for PBXNativeTarget "Grade-CheckerTests" */ = {
			isa = XCConfigurationList;
			buildConfigurations = (
				FFD0899B1B3E45F600584D99 /* Debug */,
				FFD0899C1B3E45F600584D99 /* Release */,
			);
			defaultConfigurationIsVisible = 0;
		};
/* End XCConfigurationList section */
	};
	rootObject = FFD089701B3E45F500584D99 /* Project object */;
}
